// !$*UTF8*$!
{
	archiveVersion = 1;
	classes = {
	};
	objectVersion = 46;
	objects = {

/* Begin PBXBuildFile section */
		F654E90218E0C050007889B7 /* DetailAnswerViewController.m in Sources */ = {isa = PBXBuildFile; fileRef = F654E90118E0C050007889B7 /* DetailAnswerViewController.m */; };
		F6647BC718DD7E2000086D6D /* AnswerScreenViewController.m in Sources */ = {isa = PBXBuildFile; fileRef = F6647BC618DD7E2000086D6D /* AnswerScreenViewController.m */; };
		F6647BC918DD8FB900086D6D /* rightArrow2.jpeg in Resources */ = {isa = PBXBuildFile; fileRef = F6647BC818DD8FB900086D6D /* rightArrow2.jpeg */; };
		F6647BCC18DDB2BF00086D6D /* checked.jpg in Resources */ = {isa = PBXBuildFile; fileRef = F6647BCA18DDB2BF00086D6D /* checked.jpg */; };
		F6647BCD18DDB2BF00086D6D /* unchecked.jpg in Resources */ = {isa = PBXBuildFile; fileRef = F6647BCB18DDB2BF00086D6D /* unchecked.jpg */; };
		F6647BD018DDD69900086D6D /* SubmittedViewController.m in Sources */ = {isa = PBXBuildFile; fileRef = F6647BCF18DDD69900086D6D /* SubmittedViewController.m */; };
		F6647BD218DE58A600086D6D /* newMail.jpg in Resources */ = {isa = PBXBuildFile; fileRef = F6647BD118DE58A600086D6D /* newMail.jpg */; };
		F6647BD418DE59B600086D6D /* circle.jpg in Resources */ = {isa = PBXBuildFile; fileRef = F6647BD318DE59B600086D6D /* circle.jpg */; };
		F6647BD718DE5B3300086D6D /* NewQuestionsViewController.m in Sources */ = {isa = PBXBuildFile; fileRef = F6647BD618DE5B3300086D6D /* NewQuestionsViewController.m */; };
		F6773B4818D80EB40066F2A6 /* Foundation.framework in Frameworks */ = {isa = PBXBuildFile; fileRef = F6773B4718D80EB40066F2A6 /* Foundation.framework */; };
		F6773B4A18D80EB40066F2A6 /* CoreGraphics.framework in Frameworks */ = {isa = PBXBuildFile; fileRef = F6773B4918D80EB40066F2A6 /* CoreGraphics.framework */; };
		F6773B4C18D80EB40066F2A6 /* UIKit.framework in Frameworks */ = {isa = PBXBuildFile; fileRef = F6773B4B18D80EB40066F2A6 /* UIKit.framework */; };
		F6773B5218D80EB40066F2A6 /* InfoPlist.strings in Resources */ = {isa = PBXBuildFile; fileRef = F6773B5018D80EB40066F2A6 /* InfoPlist.strings */; };
		F6773B5418D80EB40066F2A6 /* main.m in Sources */ = {isa = PBXBuildFile; fileRef = F6773B5318D80EB40066F2A6 /* main.m */; };
		F6773B5818D80EB40066F2A6 /* QotDAppDelegate.m in Sources */ = {isa = PBXBuildFile; fileRef = F6773B5718D80EB40066F2A6 /* QotDAppDelegate.m */; };
		F6773B5B18D80EB40066F2A6 /* Main.storyboard in Resources */ = {isa = PBXBuildFile; fileRef = F6773B5918D80EB40066F2A6 /* Main.storyboard */; };
		F6773B5E18D80EB40066F2A6 /* LoginViewController.m in Sources */ = {isa = PBXBuildFile; fileRef = F6773B5D18D80EB40066F2A6 /* LoginViewController.m */; };
		F6773B6018D80EB40066F2A6 /* Images.xcassets in Resources */ = {isa = PBXBuildFile; fileRef = F6773B5F18D80EB40066F2A6 /* Images.xcassets */; };
		F6773B6718D80EB40066F2A6 /* XCTest.framework in Frameworks */ = {isa = PBXBuildFile; fileRef = F6773B6618D80EB40066F2A6 /* XCTest.framework */; };
		F6773B6818D80EB40066F2A6 /* Foundation.framework in Frameworks */ = {isa = PBXBuildFile; fileRef = F6773B4718D80EB40066F2A6 /* Foundation.framework */; };
		F6773B6918D80EB40066F2A6 /* UIKit.framework in Frameworks */ = {isa = PBXBuildFile; fileRef = F6773B4B18D80EB40066F2A6 /* UIKit.framework */; };
		F6773B7118D80EB50066F2A6 /* InfoPlist.strings in Resources */ = {isa = PBXBuildFile; fileRef = F6773B6F18D80EB50066F2A6 /* InfoPlist.strings */; };
		F6773B7318D80EB50066F2A6 /* Question_of_the_DayTests.m in Sources */ = {isa = PBXBuildFile; fileRef = F6773B7218D80EB50066F2A6 /* Question_of_the_DayTests.m */; };
		F6773B8118D81C510066F2A6 /* SectionModel.m in Sources */ = {isa = PBXBuildFile; fileRef = F6773B8018D81C510066F2A6 /* SectionModel.m */; };
		F6773B8418D81C680066F2A6 /* QuestionModel.m in Sources */ = {isa = PBXBuildFile; fileRef = F6773B8318D81C680066F2A6 /* QuestionModel.m */; };
		F6773B8A18D820630066F2A6 /* UserModel.m in Sources */ = {isa = PBXBuildFile; fileRef = F6773B8918D820630066F2A6 /* UserModel.m */; };
		F68B66BC18E0A975002ABD03 /* QuestionStatViewController.m in Sources */ = {isa = PBXBuildFile; fileRef = F68B66BB18E0A975002ABD03 /* QuestionStatViewController.m */; };
		F68B66BE18E0B2BD002ABD03 /* logo_yellow.PNG in Resources */ = {isa = PBXBuildFile; fileRef = F68B66BD18E0B2BD002ABD03 /* logo_yellow.PNG */; };
		F68B66C118E0BD15002ABD03 /* ViewDetailsViewController.m in Sources */ = {isa = PBXBuildFile; fileRef = F68B66C018E0BD15002ABD03 /* ViewDetailsViewController.m */; };
		F68D5C6018DBA77D0025D416 /* StudentHomeViewController.m in Sources */ = {isa = PBXBuildFile; fileRef = F68D5C5F18DBA77D0025D416 /* StudentHomeViewController.m */; };
		F690198018DD0752005330D7 /* QuestionsViewController.m in Sources */ = {isa = PBXBuildFile; fileRef = F690197F18DD0752005330D7 /* QuestionsViewController.m */; };
		F690198318DD0766005330D7 /* StatisticsViewController.m in Sources */ = {isa = PBXBuildFile; fileRef = F690198218DD0766005330D7 /* StatisticsViewController.m */; };
		F690198618DD0777005330D7 /* MenuViewController.m in Sources */ = {isa = PBXBuildFile; fileRef = F690198518DD0777005330D7 /* MenuViewController.m */; };
/* End PBXBuildFile section */

/* Begin PBXContainerItemProxy section */
		F6773B6A18D80EB40066F2A6 /* PBXContainerItemProxy */ = {
			isa = PBXContainerItemProxy;
			containerPortal = F6773B3C18D80EB40066F2A6 /* Project object */;
			proxyType = 1;
			remoteGlobalIDString = F6773B4318D80EB40066F2A6;
			remoteInfo = "Question of the Day";
		};
/* End PBXContainerItemProxy section */

/* Begin PBXFileReference section */
		F654E90018E0C050007889B7 /* DetailAnswerViewController.h */ = {isa = PBXFileReference; fileEncoding = 4; lastKnownFileType = sourcecode.c.h; path = DetailAnswerViewController.h; sourceTree = "<group>"; };
		F654E90118E0C050007889B7 /* DetailAnswerViewController.m */ = {isa = PBXFileReference; fileEncoding = 4; lastKnownFileType = sourcecode.c.objc; path = DetailAnswerViewController.m; sourceTree = "<group>"; };
		F6647BC518DD7E2000086D6D /* AnswerScreenViewController.h */ = {isa = PBXFileReference; fileEncoding = 4; lastKnownFileType = sourcecode.c.h; path = AnswerScreenViewController.h; sourceTree = "<group>"; };
		F6647BC618DD7E2000086D6D /* AnswerScreenViewController.m */ = {isa = PBXFileReference; fileEncoding = 4; lastKnownFileType = sourcecode.c.objc; path = AnswerScreenViewController.m; sourceTree = "<group>"; };
		F6647BC818DD8FB900086D6D /* rightArrow2.jpeg */ = {isa = PBXFileReference; lastKnownFileType = image.jpeg; path = rightArrow2.jpeg; sourceTree = "<group>"; };
		F6647BCA18DDB2BF00086D6D /* checked.jpg */ = {isa = PBXFileReference; lastKnownFileType = image.jpeg; path = checked.jpg; sourceTree = "<group>"; };
		F6647BCB18DDB2BF00086D6D /* unchecked.jpg */ = {isa = PBXFileReference; lastKnownFileType = image.jpeg; path = unchecked.jpg; sourceTree = "<group>"; };
		F6647BCE18DDD69900086D6D /* SubmittedViewController.h */ = {isa = PBXFileReference; fileEncoding = 4; lastKnownFileType = sourcecode.c.h; path = SubmittedViewController.h; sourceTree = "<group>"; };
		F6647BCF18DDD69900086D6D /* SubmittedViewController.m */ = {isa = PBXFileReference; fileEncoding = 4; lastKnownFileType = sourcecode.c.objc; path = SubmittedViewController.m; sourceTree = "<group>"; };
		F6647BD118DE58A600086D6D /* newMail.jpg */ = {isa = PBXFileReference; lastKnownFileType = image.jpeg; path = newMail.jpg; sourceTree = "<group>"; };
		F6647BD318DE59B600086D6D /* circle.jpg */ = {isa = PBXFileReference; lastKnownFileType = image.jpeg; path = circle.jpg; sourceTree = "<group>"; };
		F6647BD518DE5B3300086D6D /* NewQuestionsViewController.h */ = {isa = PBXFileReference; fileEncoding = 4; lastKnownFileType = sourcecode.c.h; path = NewQuestionsViewController.h; sourceTree = "<group>"; };
		F6647BD618DE5B3300086D6D /* NewQuestionsViewController.m */ = {isa = PBXFileReference; fileEncoding = 4; lastKnownFileType = sourcecode.c.objc; path = NewQuestionsViewController.m; sourceTree = "<group>"; };
		F6773B4418D80EB40066F2A6 /* Question of the Day.app */ = {isa = PBXFileReference; explicitFileType = wrapper.application; includeInIndex = 0; path = "Question of the Day.app"; sourceTree = BUILT_PRODUCTS_DIR; };
		F6773B4718D80EB40066F2A6 /* Foundation.framework */ = {isa = PBXFileReference; lastKnownFileType = wrapper.framework; name = Foundation.framework; path = System/Library/Frameworks/Foundation.framework; sourceTree = SDKROOT; };
		F6773B4918D80EB40066F2A6 /* CoreGraphics.framework */ = {isa = PBXFileReference; lastKnownFileType = wrapper.framework; name = CoreGraphics.framework; path = System/Library/Frameworks/CoreGraphics.framework; sourceTree = SDKROOT; };
		F6773B4B18D80EB40066F2A6 /* UIKit.framework */ = {isa = PBXFileReference; lastKnownFileType = wrapper.framework; name = UIKit.framework; path = System/Library/Frameworks/UIKit.framework; sourceTree = SDKROOT; };
		F6773B4F18D80EB40066F2A6 /* Question of the Day-Info.plist */ = {isa = PBXFileReference; lastKnownFileType = text.plist.xml; path = "Question of the Day-Info.plist"; sourceTree = "<group>"; };
		F6773B5118D80EB40066F2A6 /* en */ = {isa = PBXFileReference; lastKnownFileType = text.plist.strings; name = en; path = en.lproj/InfoPlist.strings; sourceTree = "<group>"; };
		F6773B5318D80EB40066F2A6 /* main.m */ = {isa = PBXFileReference; lastKnownFileType = sourcecode.c.objc; path = main.m; sourceTree = "<group>"; };
		F6773B5518D80EB40066F2A6 /* Question of the Day-Prefix.pch */ = {isa = PBXFileReference; lastKnownFileType = sourcecode.c.h; path = "Question of the Day-Prefix.pch"; sourceTree = "<group>"; };
		F6773B5618D80EB40066F2A6 /* QotDAppDelegate.h */ = {isa = PBXFileReference; lastKnownFileType = sourcecode.c.h; path = QotDAppDelegate.h; sourceTree = "<group>"; };
		F6773B5718D80EB40066F2A6 /* QotDAppDelegate.m */ = {isa = PBXFileReference; lastKnownFileType = sourcecode.c.objc; path = QotDAppDelegate.m; sourceTree = "<group>"; };
		F6773B5A18D80EB40066F2A6 /* Base */ = {isa = PBXFileReference; lastKnownFileType = file.storyboard; name = Base; path = Base.lproj/Main.storyboard; sourceTree = "<group>"; };
		F6773B5C18D80EB40066F2A6 /* LoginViewController.h */ = {isa = PBXFileReference; lastKnownFileType = sourcecode.c.h; path = LoginViewController.h; sourceTree = "<group>"; };
		F6773B5D18D80EB40066F2A6 /* LoginViewController.m */ = {isa = PBXFileReference; lastKnownFileType = sourcecode.c.objc; path = LoginViewController.m; sourceTree = "<group>"; };
		F6773B5F18D80EB40066F2A6 /* Images.xcassets */ = {isa = PBXFileReference; lastKnownFileType = folder.assetcatalog; path = Images.xcassets; sourceTree = "<group>"; };
		F6773B6518D80EB40066F2A6 /* Question of the DayTests.xctest */ = {isa = PBXFileReference; explicitFileType = wrapper.cfbundle; includeInIndex = 0; path = "Question of the DayTests.xctest"; sourceTree = BUILT_PRODUCTS_DIR; };
		F6773B6618D80EB40066F2A6 /* XCTest.framework */ = {isa = PBXFileReference; lastKnownFileType = wrapper.framework; name = XCTest.framework; path = Library/Frameworks/XCTest.framework; sourceTree = DEVELOPER_DIR; };
		F6773B6E18D80EB50066F2A6 /* Question of the DayTests-Info.plist */ = {isa = PBXFileReference; lastKnownFileType = text.plist.xml; path = "Question of the DayTests-Info.plist"; sourceTree = "<group>"; };
		F6773B7018D80EB50066F2A6 /* en */ = {isa = PBXFileReference; lastKnownFileType = text.plist.strings; name = en; path = en.lproj/InfoPlist.strings; sourceTree = "<group>"; };
		F6773B7218D80EB50066F2A6 /* Question_of_the_DayTests.m */ = {isa = PBXFileReference; lastKnownFileType = sourcecode.c.objc; path = Question_of_the_DayTests.m; sourceTree = "<group>"; };
		F6773B7F18D81C510066F2A6 /* SectionModel.h */ = {isa = PBXFileReference; fileEncoding = 4; lastKnownFileType = sourcecode.c.h; path = SectionModel.h; sourceTree = "<group>"; };
		F6773B8018D81C510066F2A6 /* SectionModel.m */ = {isa = PBXFileReference; fileEncoding = 4; lastKnownFileType = sourcecode.c.objc; path = SectionModel.m; sourceTree = "<group>"; };
		F6773B8218D81C680066F2A6 /* QuestionModel.h */ = {isa = PBXFileReference; fileEncoding = 4; lastKnownFileType = sourcecode.c.h; path = QuestionModel.h; sourceTree = "<group>"; };
		F6773B8318D81C680066F2A6 /* QuestionModel.m */ = {isa = PBXFileReference; fileEncoding = 4; lastKnownFileType = sourcecode.c.objc; path = QuestionModel.m; sourceTree = "<group>"; };
		F6773B8818D820630066F2A6 /* UserModel.h */ = {isa = PBXFileReference; fileEncoding = 4; lastKnownFileType = sourcecode.c.h; path = UserModel.h; sourceTree = "<group>"; };
		F6773B8918D820630066F2A6 /* UserModel.m */ = {isa = PBXFileReference; fileEncoding = 4; lastKnownFileType = sourcecode.c.objc; path = UserModel.m; sourceTree = "<group>"; };
		F68B66BA18E0A975002ABD03 /* QuestionStatViewController.h */ = {isa = PBXFileReference; fileEncoding = 4; lastKnownFileType = sourcecode.c.h; path = QuestionStatViewController.h; sourceTree = "<group>"; };
		F68B66BB18E0A975002ABD03 /* QuestionStatViewController.m */ = {isa = PBXFileReference; fileEncoding = 4; lastKnownFileType = sourcecode.c.objc; path = QuestionStatViewController.m; sourceTree = "<group>"; };
		F68B66BD18E0B2BD002ABD03 /* logo_yellow.PNG */ = {isa = PBXFileReference; lastKnownFileType = image.png; path = logo_yellow.PNG; sourceTree = "<group>"; };
		F68B66BF18E0BD15002ABD03 /* ViewDetailsViewController.h */ = {isa = PBXFileReference; fileEncoding = 4; lastKnownFileType = sourcecode.c.h; path = ViewDetailsViewController.h; sourceTree = "<group>"; };
		F68B66C018E0BD15002ABD03 /* ViewDetailsViewController.m */ = {isa = PBXFileReference; fileEncoding = 4; lastKnownFileType = sourcecode.c.objc; path = ViewDetailsViewController.m; sourceTree = "<group>"; };
		F68D5C5E18DBA77D0025D416 /* StudentHomeViewController.h */ = {isa = PBXFileReference; fileEncoding = 4; lastKnownFileType = sourcecode.c.h; path = StudentHomeViewController.h; sourceTree = "<group>"; };
		F68D5C5F18DBA77D0025D416 /* StudentHomeViewController.m */ = {isa = PBXFileReference; fileEncoding = 4; lastKnownFileType = sourcecode.c.objc; path = StudentHomeViewController.m; sourceTree = "<group>"; };
		F690197E18DD0752005330D7 /* QuestionsViewController.h */ = {isa = PBXFileReference; fileEncoding = 4; lastKnownFileType = sourcecode.c.h; path = QuestionsViewController.h; sourceTree = "<group>"; };
		F690197F18DD0752005330D7 /* QuestionsViewController.m */ = {isa = PBXFileReference; fileEncoding = 4; lastKnownFileType = sourcecode.c.objc; path = QuestionsViewController.m; sourceTree = "<group>"; };
		F690198118DD0766005330D7 /* StatisticsViewController.h */ = {isa = PBXFileReference; fileEncoding = 4; lastKnownFileType = sourcecode.c.h; path = StatisticsViewController.h; sourceTree = "<group>"; };
		F690198218DD0766005330D7 /* StatisticsViewController.m */ = {isa = PBXFileReference; fileEncoding = 4; lastKnownFileType = sourcecode.c.objc; path = StatisticsViewController.m; sourceTree = "<group>"; };
		F690198418DD0777005330D7 /* MenuViewController.h */ = {isa = PBXFileReference; fileEncoding = 4; lastKnownFileType = sourcecode.c.h; path = MenuViewController.h; sourceTree = "<group>"; };
		F690198518DD0777005330D7 /* MenuViewController.m */ = {isa = PBXFileReference; fileEncoding = 4; lastKnownFileType = sourcecode.c.objc; path = MenuViewController.m; sourceTree = "<group>"; };
/* End PBXFileReference section */

/* Begin PBXFrameworksBuildPhase section */
		F6773B4118D80EB40066F2A6 /* Frameworks */ = {
			isa = PBXFrameworksBuildPhase;
			buildActionMask = 2147483647;
			files = (
				F6773B4A18D80EB40066F2A6 /* CoreGraphics.framework in Frameworks */,
				F6773B4C18D80EB40066F2A6 /* UIKit.framework in Frameworks */,
				F6773B4818D80EB40066F2A6 /* Foundation.framework in Frameworks */,
			);
			runOnlyForDeploymentPostprocessing = 0;
		};
		F6773B6218D80EB40066F2A6 /* Frameworks */ = {
			isa = PBXFrameworksBuildPhase;
			buildActionMask = 2147483647;
			files = (
				F6773B6718D80EB40066F2A6 /* XCTest.framework in Frameworks */,
				F6773B6918D80EB40066F2A6 /* UIKit.framework in Frameworks */,
				F6773B6818D80EB40066F2A6 /* Foundation.framework in Frameworks */,
			);
			runOnlyForDeploymentPostprocessing = 0;
		};
/* End PBXFrameworksBuildPhase section */

/* Begin PBXGroup section */
		F6773B3B18D80EB40066F2A6 = {
			isa = PBXGroup;
			children = (
				F6773B4D18D80EB40066F2A6 /* Question of the Day */,
				F6773B6C18D80EB40066F2A6 /* Question of the DayTests */,
				F6773B4618D80EB40066F2A6 /* Frameworks */,
				F6773B4518D80EB40066F2A6 /* Products */,
			);
			sourceTree = "<group>";
		};
		F6773B4518D80EB40066F2A6 /* Products */ = {
			isa = PBXGroup;
			children = (
				F6773B4418D80EB40066F2A6 /* Question of the Day.app */,
				F6773B6518D80EB40066F2A6 /* Question of the DayTests.xctest */,
			);
			name = Products;
			sourceTree = "<group>";
		};
		F6773B4618D80EB40066F2A6 /* Frameworks */ = {
			isa = PBXGroup;
			children = (
				F6773B4718D80EB40066F2A6 /* Foundation.framework */,
				F6773B4918D80EB40066F2A6 /* CoreGraphics.framework */,
				F6773B4B18D80EB40066F2A6 /* UIKit.framework */,
				F6773B6618D80EB40066F2A6 /* XCTest.framework */,
			);
			name = Frameworks;
			sourceTree = "<group>";
		};
		F6773B4D18D80EB40066F2A6 /* Question of the Day */ = {
			isa = PBXGroup;
			children = (
				F68B66BD18E0B2BD002ABD03 /* logo_yellow.PNG */,
				F6647BD318DE59B600086D6D /* circle.jpg */,
				F654E90018E0C050007889B7 /* DetailAnswerViewController.h */,
				F654E90118E0C050007889B7 /* DetailAnswerViewController.m */,
				F6647BD118DE58A600086D6D /* newMail.jpg */,
				F6647BCA18DDB2BF00086D6D /* checked.jpg */,
				F6647BCB18DDB2BF00086D6D /* unchecked.jpg */,
				F6647BC818DD8FB900086D6D /* rightArrow2.jpeg */,
				F6647BC518DD7E2000086D6D /* AnswerScreenViewController.h */,
				F6647BC618DD7E2000086D6D /* AnswerScreenViewController.m */,
				F6647BCE18DDD69900086D6D /* SubmittedViewController.h */,
				F6647BCF18DDD69900086D6D /* SubmittedViewController.m */,
				F68D5C5E18DBA77D0025D416 /* StudentHomeViewController.h */,
				F68D5C5F18DBA77D0025D416 /* StudentHomeViewController.m */,
				F68B66BA18E0A975002ABD03 /* QuestionStatViewController.h */,
				F68B66BB18E0A975002ABD03 /* QuestionStatViewController.m */,
				F6773B8818D820630066F2A6 /* UserModel.h */,
				F6773B8918D820630066F2A6 /* UserModel.m */,
				F6773B7F18D81C510066F2A6 /* SectionModel.h */,
				F6773B8018D81C510066F2A6 /* SectionModel.m */,
				F6773B8218D81C680066F2A6 /* QuestionModel.h */,
				F6773B8318D81C680066F2A6 /* QuestionModel.m */,
				F6773B5618D80EB40066F2A6 /* QotDAppDelegate.h */,
				F6773B5718D80EB40066F2A6 /* QotDAppDelegate.m */,
				F6773B5918D80EB40066F2A6 /* Main.storyboard */,
				F68B66BF18E0BD15002ABD03 /* ViewDetailsViewController.h */,
				F68B66C018E0BD15002ABD03 /* ViewDetailsViewController.m */,
				F6647BD518DE5B3300086D6D /* NewQuestionsViewController.h */,
				F6647BD618DE5B3300086D6D /* NewQuestionsViewController.m */,
				F690197E18DD0752005330D7 /* QuestionsViewController.h */,
				F690197F18DD0752005330D7 /* QuestionsViewController.m */,
				F690198118DD0766005330D7 /* StatisticsViewController.h */,
				F690198218DD0766005330D7 /* StatisticsViewController.m */,
				F690198418DD0777005330D7 /* MenuViewController.h */,
				F690198518DD0777005330D7 /* MenuViewController.m */,
				F6773B5C18D80EB40066F2A6 /* LoginViewController.h */,
				F6773B5D18D80EB40066F2A6 /* LoginViewController.m */,
				F6773B5F18D80EB40066F2A6 /* Images.xcassets */,
				F6773B4E18D80EB40066F2A6 /* Supporting Files */,
			);
			path = "Question of the Day";
			sourceTree = "<group>";
		};
		F6773B4E18D80EB40066F2A6 /* Supporting Files */ = {
			isa = PBXGroup;
			children = (
				F6773B4F18D80EB40066F2A6 /* Question of the Day-Info.plist */,
				F6773B5018D80EB40066F2A6 /* InfoPlist.strings */,
				F6773B5318D80EB40066F2A6 /* main.m */,
				F6773B5518D80EB40066F2A6 /* Question of the Day-Prefix.pch */,
			);
			name = "Supporting Files";
			sourceTree = "<group>";
		};
		F6773B6C18D80EB40066F2A6 /* Question of the DayTests */ = {
			isa = PBXGroup;
			children = (
				F6773B7218D80EB50066F2A6 /* Question_of_the_DayTests.m */,
				F6773B6D18D80EB50066F2A6 /* Supporting Files */,
			);
			path = "Question of the DayTests";
			sourceTree = "<group>";
		};
		F6773B6D18D80EB50066F2A6 /* Supporting Files */ = {
			isa = PBXGroup;
			children = (
				F6773B6E18D80EB50066F2A6 /* Question of the DayTests-Info.plist */,
				F6773B6F18D80EB50066F2A6 /* InfoPlist.strings */,
			);
			name = "Supporting Files";
			sourceTree = "<group>";
		};
/* End PBXGroup section */

/* Begin PBXNativeTarget section */
		F6773B4318D80EB40066F2A6 /* Question of the Day */ = {
			isa = PBXNativeTarget;
			buildConfigurationList = F6773B7618D80EB50066F2A6 /* Build configuration list for PBXNativeTarget "Question of the Day" */;
			buildPhases = (
				F6773B4018D80EB40066F2A6 /* Sources */,
				F6773B4118D80EB40066F2A6 /* Frameworks */,
				F6773B4218D80EB40066F2A6 /* Resources */,
			);
			buildRules = (
			);
			dependencies = (
			);
			name = "Question of the Day";
			productName = "Question of the Day";
			productReference = F6773B4418D80EB40066F2A6 /* Question of the Day.app */;
			productType = "com.apple.product-type.application";
		};
		F6773B6418D80EB40066F2A6 /* Question of the DayTests */ = {
			isa = PBXNativeTarget;
			buildConfigurationList = F6773B7918D80EB50066F2A6 /* Build configuration list for PBXNativeTarget "Question of the DayTests" */;
			buildPhases = (
				F6773B6118D80EB40066F2A6 /* Sources */,
				F6773B6218D80EB40066F2A6 /* Frameworks */,
				F6773B6318D80EB40066F2A6 /* Resources */,
			);
			buildRules = (
			);
			dependencies = (
				F6773B6B18D80EB40066F2A6 /* PBXTargetDependency */,
			);
			name = "Question of the DayTests";
			productName = "Question of the DayTests";
			productReference = F6773B6518D80EB40066F2A6 /* Question of the DayTests.xctest */;
			productType = "com.apple.product-type.bundle.unit-test";
		};
/* End PBXNativeTarget section */

/* Begin PBXProject section */
		F6773B3C18D80EB40066F2A6 /* Project object */ = {
			isa = PBXProject;
			attributes = {
				CLASSPREFIX = QotD;
				LastUpgradeCheck = 0500;
				ORGANIZATIONNAME = dognean;
				TargetAttributes = {
					F6773B6418D80EB40066F2A6 = {
						TestTargetID = F6773B4318D80EB40066F2A6;
					};
				};
			};
			buildConfigurationList = F6773B3F18D80EB40066F2A6 /* Build configuration list for PBXProject "Question of the Day" */;
			compatibilityVersion = "Xcode 3.2";
			developmentRegion = English;
			hasScannedForEncodings = 0;
			knownRegions = (
				en,
				Base,
			);
			mainGroup = F6773B3B18D80EB40066F2A6;
			productRefGroup = F6773B4518D80EB40066F2A6 /* Products */;
			projectDirPath = "";
			projectRoot = "";
			targets = (
				F6773B4318D80EB40066F2A6 /* Question of the Day */,
				F6773B6418D80EB40066F2A6 /* Question of the DayTests */,
			);
		};
/* End PBXProject section */

/* Begin PBXResourcesBuildPhase section */
		F6773B4218D80EB40066F2A6 /* Resources */ = {
			isa = PBXResourcesBuildPhase;
			buildActionMask = 2147483647;
			files = (
				F6647BCC18DDB2BF00086D6D /* checked.jpg in Resources */,
				F6773B6018D80EB40066F2A6 /* Images.xcassets in Resources */,
				F6647BD218DE58A600086D6D /* newMail.jpg in Resources */,
				F6647BD418DE59B600086D6D /* circle.jpg in Resources */,
				F6773B5218D80EB40066F2A6 /* InfoPlist.strings in Resources */,
				F68B66BE18E0B2BD002ABD03 /* logo_yellow.PNG in Resources */,
				F6773B5B18D80EB40066F2A6 /* Main.storyboard in Resources */,
				F6647BCD18DDB2BF00086D6D /* unchecked.jpg in Resources */,
				F6647BC918DD8FB900086D6D /* rightArrow2.jpeg in Resources */,
			);
			runOnlyForDeploymentPostprocessing = 0;
		};
		F6773B6318D80EB40066F2A6 /* Resources */ = {
			isa = PBXResourcesBuildPhase;
			buildActionMask = 2147483647;
			files = (
				F6773B7118D80EB50066F2A6 /* InfoPlist.strings in Resources */,
			);
			runOnlyForDeploymentPostprocessing = 0;
		};
/* End PBXResourcesBuildPhase section */

/* Begin PBXSourcesBuildPhase section */
		F6773B4018D80EB40066F2A6 /* Sources */ = {
			isa = PBXSourcesBuildPhase;
			buildActionMask = 2147483647;
			files = (
				F68B66C118E0BD15002ABD03 /* ViewDetailsViewController.m in Sources */,
				F6773B8118D81C510066F2A6 /* SectionModel.m in Sources */,
				F6773B8418D81C680066F2A6 /* QuestionModel.m in Sources */,
				F6647BD718DE5B3300086D6D /* NewQuestionsViewController.m in Sources */,
				F6773B8A18D820630066F2A6 /* UserModel.m in Sources */,
				F690198318DD0766005330D7 /* StatisticsViewController.m in Sources */,
				F6647BD018DDD69900086D6D /* SubmittedViewController.m in Sources */,
				F68D5C6018DBA77D0025D416 /* StudentHomeViewController.m in Sources */,
				F6647BC718DD7E2000086D6D /* AnswerScreenViewController.m in Sources */,
				F654E90218E0C050007889B7 /* DetailAnswerViewController.m in Sources */,
				F6773B5818D80EB40066F2A6 /* QotDAppDelegate.m in Sources */,
				F6773B5E18D80EB40066F2A6 /* LoginViewController.m in Sources */,
				F690198018DD0752005330D7 /* QuestionsViewController.m in Sources */,
				F6773B5418D80EB40066F2A6 /* main.m in Sources */,
				F68B66BC18E0A975002ABD03 /* QuestionStatViewController.m in Sources */,
				F690198618DD0777005330D7 /* MenuViewController.m in Sources */,
			);
			runOnlyForDeploymentPostprocessing = 0;
		};
		F6773B6118D80EB40066F2A6 /* Sources */ = {
			isa = PBXSourcesBuildPhase;
			buildActionMask = 2147483647;
			files = (
				F6773B7318D80EB50066F2A6 /* Question_of_the_DayTests.m in Sources */,
			);
			runOnlyForDeploymentPostprocessing = 0;
		};
/* End PBXSourcesBuildPhase section */

/* Begin PBXTargetDependency section */
		F6773B6B18D80EB40066F2A6 /* PBXTargetDependency */ = {
			isa = PBXTargetDependency;
			target = F6773B4318D80EB40066F2A6 /* Question of the Day */;
			targetProxy = F6773B6A18D80EB40066F2A6 /* PBXContainerItemProxy */;
		};
/* End PBXTargetDependency section */

/* Begin PBXVariantGroup section */
		F6773B5018D80EB40066F2A6 /* InfoPlist.strings */ = {
			isa = PBXVariantGroup;
			children = (
				F6773B5118D80EB40066F2A6 /* en */,
			);
			name = InfoPlist.strings;
			sourceTree = "<group>";
		};
		F6773B5918D80EB40066F2A6 /* Main.storyboard */ = {
			isa = PBXVariantGroup;
			children = (
				F6773B5A18D80EB40066F2A6 /* Base */,
			);
			name = Main.storyboard;
			sourceTree = "<group>";
		};
		F6773B6F18D80EB50066F2A6 /* InfoPlist.strings */ = {
			isa = PBXVariantGroup;
			children = (
				F6773B7018D80EB50066F2A6 /* en */,
			);
			name = InfoPlist.strings;
			sourceTree = "<group>";
		};
/* End PBXVariantGroup section */

/* Begin XCBuildConfiguration section */
		F6773B7418D80EB50066F2A6 /* Debug */ = {
			isa = XCBuildConfiguration;
			buildSettings = {
				ALWAYS_SEARCH_USER_PATHS = NO;
				ARCHS = "$(ARCHS_STANDARD_INCLUDING_64_BIT)";
				CLANG_CXX_LANGUAGE_STANDARD = "gnu++0x";
				CLANG_CXX_LIBRARY = "libc++";
				CLANG_ENABLE_MODULES = YES;
				CLANG_ENABLE_OBJC_ARC = YES;
				CLANG_WARN_BOOL_CONVERSION = YES;
				CLANG_WARN_CONSTANT_CONVERSION = YES;
				CLANG_WARN_DIRECT_OBJC_ISA_USAGE = YES_ERROR;
				CLANG_WARN_EMPTY_BODY = YES;
				CLANG_WARN_ENUM_CONVERSION = YES;
				CLANG_WARN_INT_CONVERSION = YES;
				CLANG_WARN_OBJC_ROOT_CLASS = YES_ERROR;
				CLANG_WARN__DUPLICATE_METHOD_MATCH = YES;
				"CODE_SIGN_IDENTITY[sdk=iphoneos*]" = "iPhone Developer";
				COPY_PHASE_STRIP = NO;
				GCC_C_LANGUAGE_STANDARD = gnu99;
				GCC_DYNAMIC_NO_PIC = NO;
				GCC_OPTIMIZATION_LEVEL = 0;
				GCC_PREPROCESSOR_DEFINITIONS = (
					"DEBUG=1",
					"$(inherited)",
				);
				GCC_SYMBOLS_PRIVATE_EXTERN = NO;
				GCC_WARN_64_TO_32_BIT_CONVERSION = YES;
				GCC_WARN_ABOUT_RETURN_TYPE = YES_ERROR;
				GCC_WARN_UNDECLARED_SELECTOR = YES;
				GCC_WARN_UNINITIALIZED_AUTOS = YES;
				GCC_WARN_UNUSED_FUNCTION = YES;
				GCC_WARN_UNUSED_VARIABLE = YES;
				IPHONEOS_DEPLOYMENT_TARGET = 7.0;
				ONLY_ACTIVE_ARCH = YES;
				SDKROOT = iphoneos;
			};
			name = Debug;
		};
		F6773B7518D80EB50066F2A6 /* Release */ = {
			isa = XCBuildConfiguration;
			buildSettings = {
				ALWAYS_SEARCH_USER_PATHS = NO;
				ARCHS = "$(ARCHS_STANDARD_INCLUDING_64_BIT)";
				CLANG_CXX_LANGUAGE_STANDARD = "gnu++0x";
				CLANG_CXX_LIBRARY = "libc++";
				CLANG_ENABLE_MODULES = YES;
				CLANG_ENABLE_OBJC_ARC = YES;
				CLANG_WARN_BOOL_CONVERSION = YES;
				CLANG_WARN_CONSTANT_CONVERSION = YES;
				CLANG_WARN_DIRECT_OBJC_ISA_USAGE = YES_ERROR;
				CLANG_WARN_EMPTY_BODY = YES;
				CLANG_WARN_ENUM_CONVERSION = YES;
				CLANG_WARN_INT_CONVERSION = YES;
				CLANG_WARN_OBJC_ROOT_CLASS = YES_ERROR;
				CLANG_WARN__DUPLICATE_METHOD_MATCH = YES;
				"CODE_SIGN_IDENTITY[sdk=iphoneos*]" = "iPhone Developer";
				COPY_PHASE_STRIP = YES;
				ENABLE_NS_ASSERTIONS = NO;
				GCC_C_LANGUAGE_STANDARD = gnu99;
				GCC_WARN_64_TO_32_BIT_CONVERSION = YES;
				GCC_WARN_ABOUT_RETURN_TYPE = YES_ERROR;
				GCC_WARN_UNDECLARED_SELECTOR = YES;
				GCC_WARN_UNINITIALIZED_AUTOS = YES;
				GCC_WARN_UNUSED_FUNCTION = YES;
				GCC_WARN_UNUSED_VARIABLE = YES;
				IPHONEOS_DEPLOYMENT_TARGET = 7.0;
				SDKROOT = iphoneos;
				VALIDATE_PRODUCT = YES;
			};
			name = Release;
		};
		F6773B7718D80EB50066F2A6 /* Debug */ = {
			isa = XCBuildConfiguration;
			buildSettings = {
				ASSETCATALOG_COMPILER_APPICON_NAME = AppIcon;
				ASSETCATALOG_COMPILER_LAUNCHIMAGE_NAME = LaunchImage;
				GCC_PRECOMPILE_PREFIX_HEADER = YES;
				GCC_PREFIX_HEADER = "Question of the Day/Question of the Day-Prefix.pch";
				INFOPLIST_FILE = "Question of the Day/Question of the Day-Info.plist";
				PRODUCT_NAME = "$(TARGET_NAME)";
				WRAPPER_EXTENSION = app;
			};
			name = Debug;
		};
		F6773B7818D80EB50066F2A6 /* Release */ = {
			isa = XCBuildConfiguration;
			buildSettings = {
				ASSETCATALOG_COMPILER_APPICON_NAME = AppIcon;
				ASSETCATALOG_COMPILER_LAUNCHIMAGE_NAME = LaunchImage;
				GCC_PRECOMPILE_PREFIX_HEADER = YES;
				GCC_PREFIX_HEADER = "Question of the Day/Question of the Day-Prefix.pch";
				INFOPLIST_FILE = "Question of the Day/Question of the Day-Info.plist";
				PRODUCT_NAME = "$(TARGET_NAME)";
				WRAPPER_EXTENSION = app;
			};
			name = Release;
		};
		F6773B7A18D80EB50066F2A6 /* Debug */ = {
			isa = XCBuildConfiguration;
			buildSettings = {
				ARCHS = "$(ARCHS_STANDARD_INCLUDING_64_BIT)";
				BUNDLE_LOADER = "$(BUILT_PRODUCTS_DIR)/Question of the Day.app/Question of the Day";
				FRAMEWORK_SEARCH_PATHS = (
					"$(SDKROOT)/Developer/Library/Frameworks",
					"$(inherited)",
					"$(DEVELOPER_FRAMEWORKS_DIR)",
				);
				GCC_PRECOMPILE_PREFIX_HEADER = YES;
				GCC_PREFIX_HEADER = "Question of the Day/Question of the Day-Prefix.pch";
				GCC_PREPROCESSOR_DEFINITIONS = (
					"DEBUG=1",
					"$(inherited)",
				);
				INFOPLIST_FILE = "Question of the DayTests/Question of the DayTests-Info.plist";
				PRODUCT_NAME = "$(TARGET_NAME)";
				TEST_HOST = "$(BUNDLE_LOADER)";
				WRAPPER_EXTENSION = xctest;
			};
			name = Debug;
		};
		F6773B7B18D80EB50066F2A6 /* Release */ = {
			isa = XCBuildConfiguration;
			buildSettings = {
				ARCHS = "$(ARCHS_STANDARD_INCLUDING_64_BIT)";
				BUNDLE_LOADER = "$(BUILT_PRODUCTS_DIR)/Question of the Day.app/Question of the Day";
				FRAMEWORK_SEARCH_PATHS = (
					"$(SDKROOT)/Developer/Library/Frameworks",
					"$(inherited)",
					"$(DEVELOPER_FRAMEWORKS_DIR)",
				);
				GCC_PRECOMPILE_PREFIX_HEADER = YES;
				GCC_PREFIX_HEADER = "Question of the Day/Question of the Day-Prefix.pch";
				INFOPLIST_FILE = "Question of the DayTests/Question of the DayTests-Info.plist";
				PRODUCT_NAME = "$(TARGET_NAME)";
				TEST_HOST = "$(BUNDLE_LOADER)";
				WRAPPER_EXTENSION = xctest;
			};
			name = Release;
		};
/* End XCBuildConfiguration section */

/* Begin XCConfigurationList section */
		F6773B3F18D80EB40066F2A6 /* Build configuration list for PBXProject "Question of the Day" */ = {
			isa = XCConfigurationList;
			buildConfigurations = (
				F6773B7418D80EB50066F2A6 /* Debug */,
				F6773B7518D80EB50066F2A6 /* Release */,
			);
			defaultConfigurationIsVisible = 0;
			defaultConfigurationName = Release;
		};
		F6773B7618D80EB50066F2A6 /* Build configuration list for PBXNativeTarget "Question of the Day" */ = {
			isa = XCConfigurationList;
			buildConfigurations = (
				F6773B7718D80EB50066F2A6 /* Debug */,
				F6773B7818D80EB50066F2A6 /* Release */,
			);
			defaultConfigurationIsVisible = 0;
			defaultConfigurationName = Release;
		};
		F6773B7918D80EB50066F2A6 /* Build configuration list for PBXNativeTarget "Question of the DayTests" */ = {
			isa = XCConfigurationList;
			buildConfigurations = (
				F6773B7A18D80EB50066F2A6 /* Debug */,
				F6773B7B18D80EB50066F2A6 /* Release */,
			);
			defaultConfigurationIsVisible = 0;
			defaultConfigurationName = Release;
		};
/* End XCConfigurationList section */
	};
	rootObject = F6773B3C18D80EB40066F2A6 /* Project object */;
}
